// !$*UTF8*$!
{
	archiveVersion = 1;
	classes = {
	};
	objectVersion = 46;
	objects = {

/* Begin PBXBuildFile section */
		8AB8D62F1A7ABDF600FC4AEC /* BEMPermanentPopupView.m in Sources */ = {isa = PBXBuildFile; fileRef = 8AB8D62E1A7ABDF600FC4AEC /* BEMPermanentPopupView.m */; };
		99B15643187B412400B24591 /* StatsViewController.m in Sources */ = {isa = PBXBuildFile; fileRef = 99B15642187B412400B24591 /* StatsViewController.m */; };
		99B3FA3A1877898B00539A7B /* LICENSE in Resources */ = {isa = PBXBuildFile; fileRef = 99B3FA381877898B00539A7B /* LICENSE */; };
		99B3FA3B1877898B00539A7B /* README.md in Resources */ = {isa = PBXBuildFile; fileRef = 99B3FA391877898B00539A7B /* README.md */; };
		C3B90A5F187D15F7003E407D /* BEMCircle.m in Sources */ = {isa = PBXBuildFile; fileRef = C3B90A59187D15F7003E407D /* BEMCircle.m */; };
		C3B90A60187D15F7003E407D /* BEMLine.m in Sources */ = {isa = PBXBuildFile; fileRef = C3B90A5B187D15F7003E407D /* BEMLine.m */; };
		C3B90A61187D15F7003E407D /* BEMSimpleLineGraphView.m in Sources */ = {isa = PBXBuildFile; fileRef = C3B90A5D187D15F7003E407D /* BEMSimpleLineGraphView.m */; };
		C3DC80671903845D0080FF06 /* Main.storyboard in Resources */ = {isa = PBXBuildFile; fileRef = C3FD816A186DFD9A00FD8ED3 /* Main.storyboard */; };
		C3FD8159186DFD9A00FD8ED3 /* Foundation.framework in Frameworks */ = {isa = PBXBuildFile; fileRef = C3FD8158186DFD9A00FD8ED3 /* Foundation.framework */; };
		C3FD815B186DFD9A00FD8ED3 /* CoreGraphics.framework in Frameworks */ = {isa = PBXBuildFile; fileRef = C3FD815A186DFD9A00FD8ED3 /* CoreGraphics.framework */; };
		C3FD815D186DFD9A00FD8ED3 /* UIKit.framework in Frameworks */ = {isa = PBXBuildFile; fileRef = C3FD815C186DFD9A00FD8ED3 /* UIKit.framework */; };
		C3FD8163186DFD9A00FD8ED3 /* InfoPlist.strings in Resources */ = {isa = PBXBuildFile; fileRef = C3FD8161186DFD9A00FD8ED3 /* InfoPlist.strings */; };
		C3FD8165186DFD9A00FD8ED3 /* main.m in Sources */ = {isa = PBXBuildFile; fileRef = C3FD8164186DFD9A00FD8ED3 /* main.m */; };
		C3FD8169186DFD9A00FD8ED3 /* AppDelegate.m in Sources */ = {isa = PBXBuildFile; fileRef = C3FD8168186DFD9A00FD8ED3 /* AppDelegate.m */; };
		C3FD816F186DFD9A00FD8ED3 /* ViewController.m in Sources */ = {isa = PBXBuildFile; fileRef = C3FD816E186DFD9A00FD8ED3 /* ViewController.m */; };
		C3FD8171186DFD9A00FD8ED3 /* Images.xcassets in Resources */ = {isa = PBXBuildFile; fileRef = C3FD8170186DFD9A00FD8ED3 /* Images.xcassets */; };
		C3FD8178186DFD9A00FD8ED3 /* XCTest.framework in Frameworks */ = {isa = PBXBuildFile; fileRef = C3FD8177186DFD9A00FD8ED3 /* XCTest.framework */; };
		C3FD8179186DFD9A00FD8ED3 /* Foundation.framework in Frameworks */ = {isa = PBXBuildFile; fileRef = C3FD8158186DFD9A00FD8ED3 /* Foundation.framework */; };
		C3FD817A186DFD9A00FD8ED3 /* UIKit.framework in Frameworks */ = {isa = PBXBuildFile; fileRef = C3FD815C186DFD9A00FD8ED3 /* UIKit.framework */; };
		C3FD8182186DFD9A00FD8ED3 /* InfoPlist.strings in Resources */ = {isa = PBXBuildFile; fileRef = C3FD8180186DFD9A00FD8ED3 /* InfoPlist.strings */; };
		C3FD8184186DFD9A00FD8ED3 /* SimpleLineChartTests.m in Sources */ = {isa = PBXBuildFile; fileRef = C3FD8183186DFD9A00FD8ED3 /* SimpleLineChartTests.m */; };
/* End PBXBuildFile section */

/* Begin PBXContainerItemProxy section */
		C3FD817B186DFD9A00FD8ED3 /* PBXContainerItemProxy */ = {
			isa = PBXContainerItemProxy;
			containerPortal = C3FD814D186DFD9A00FD8ED3 /* Project object */;
			proxyType = 1;
			remoteGlobalIDString = C3FD8154186DFD9A00FD8ED3;
			remoteInfo = SimpleLineChart;
		};
/* End PBXContainerItemProxy section */

/* Begin PBXFileReference section */
		8AB8D62D1A7ABDF600FC4AEC /* BEMPermanentPopupView.h */ = {isa = PBXFileReference; fileEncoding = 4; lastKnownFileType = sourcecode.c.h; path = BEMPermanentPopupView.h; sourceTree = "<group>"; };
		8AB8D62E1A7ABDF600FC4AEC /* BEMPermanentPopupView.m */ = {isa = PBXFileReference; fileEncoding = 4; lastKnownFileType = sourcecode.c.objc; path = BEMPermanentPopupView.m; sourceTree = "<group>"; };
		99B15641187B412400B24591 /* StatsViewController.h */ = {isa = PBXFileReference; fileEncoding = 4; lastKnownFileType = sourcecode.c.h; path = StatsViewController.h; sourceTree = "<group>"; };
		99B15642187B412400B24591 /* StatsViewController.m */ = {isa = PBXFileReference; fileEncoding = 4; lastKnownFileType = sourcecode.c.objc; path = StatsViewController.m; sourceTree = "<group>"; };
		99B3FA381877898B00539A7B /* LICENSE */ = {isa = PBXFileReference; fileEncoding = 4; lastKnownFileType = text; name = LICENSE; path = ../LICENSE; sourceTree = "<group>"; };
		99B3FA391877898B00539A7B /* README.md */ = {isa = PBXFileReference; fileEncoding = 4; lastKnownFileType = text; name = README.md; path = ../README.md; sourceTree = "<group>"; };
		C3B90A58187D15F7003E407D /* BEMCircle.h */ = {isa = PBXFileReference; fileEncoding = 4; lastKnownFileType = sourcecode.c.h; path = BEMCircle.h; sourceTree = "<group>"; };
		C3B90A59187D15F7003E407D /* BEMCircle.m */ = {isa = PBXFileReference; fileEncoding = 4; lastKnownFileType = sourcecode.c.objc; path = BEMCircle.m; sourceTree = "<group>"; };
		C3B90A5A187D15F7003E407D /* BEMLine.h */ = {isa = PBXFileReference; fileEncoding = 4; lastKnownFileType = sourcecode.c.h; path = BEMLine.h; sourceTree = "<group>"; };
		C3B90A5B187D15F7003E407D /* BEMLine.m */ = {isa = PBXFileReference; fileEncoding = 4; lastKnownFileType = sourcecode.c.objc; path = BEMLine.m; sourceTree = "<group>"; };
		C3B90A5C187D15F7003E407D /* BEMSimpleLineGraphView.h */ = {isa = PBXFileReference; fileEncoding = 4; lastKnownFileType = sourcecode.c.h; path = BEMSimpleLineGraphView.h; sourceTree = "<group>"; };
		C3B90A5D187D15F7003E407D /* BEMSimpleLineGraphView.m */ = {isa = PBXFileReference; fileEncoding = 4; lastKnownFileType = sourcecode.c.objc; path = BEMSimpleLineGraphView.m; sourceTree = "<group>"; };
		C3FD8155186DFD9A00FD8ED3 /* SimpleLineChart.app */ = {isa = PBXFileReference; explicitFileType = wrapper.application; includeInIndex = 0; path = SimpleLineChart.app; sourceTree = BUILT_PRODUCTS_DIR; };
		C3FD8158186DFD9A00FD8ED3 /* Foundation.framework */ = {isa = PBXFileReference; lastKnownFileType = wrapper.framework; name = Foundation.framework; path = System/Library/Frameworks/Foundation.framework; sourceTree = SDKROOT; };
		C3FD815A186DFD9A00FD8ED3 /* CoreGraphics.framework */ = {isa = PBXFileReference; lastKnownFileType = wrapper.framework; name = CoreGraphics.framework; path = System/Library/Frameworks/CoreGraphics.framework; sourceTree = SDKROOT; };
		C3FD815C186DFD9A00FD8ED3 /* UIKit.framework */ = {isa = PBXFileReference; lastKnownFileType = wrapper.framework; name = UIKit.framework; path = System/Library/Frameworks/UIKit.framework; sourceTree = SDKROOT; };
		C3FD8160186DFD9A00FD8ED3 /* SimpleLineChart-Info.plist */ = {isa = PBXFileReference; lastKnownFileType = text.plist.xml; path = "SimpleLineChart-Info.plist"; sourceTree = "<group>"; };
		C3FD8162186DFD9A00FD8ED3 /* en */ = {isa = PBXFileReference; lastKnownFileType = text.plist.strings; name = en; path = en.lproj/InfoPlist.strings; sourceTree = "<group>"; };
		C3FD8164186DFD9A00FD8ED3 /* main.m */ = {isa = PBXFileReference; lastKnownFileType = sourcecode.c.objc; path = main.m; sourceTree = "<group>"; };
		C3FD8166186DFD9A00FD8ED3 /* SimpleLineChart-Prefix.pch */ = {isa = PBXFileReference; lastKnownFileType = sourcecode.c.h; path = "SimpleLineChart-Prefix.pch"; sourceTree = "<group>"; };
		C3FD8167186DFD9A00FD8ED3 /* AppDelegate.h */ = {isa = PBXFileReference; lastKnownFileType = sourcecode.c.h; path = AppDelegate.h; sourceTree = "<group>"; };
		C3FD8168186DFD9A00FD8ED3 /* AppDelegate.m */ = {isa = PBXFileReference; lastKnownFileType = sourcecode.c.objc; path = AppDelegate.m; sourceTree = "<group>"; };
		C3FD816B186DFD9A00FD8ED3 /* Base */ = {isa = PBXFileReference; lastKnownFileType = file.storyboard; name = Base; path = Base.lproj/Main.storyboard; sourceTree = "<group>"; };
		C3FD816D186DFD9A00FD8ED3 /* ViewController.h */ = {isa = PBXFileReference; lastKnownFileType = sourcecode.c.h; path = ViewController.h; sourceTree = "<group>"; };
		C3FD816E186DFD9A00FD8ED3 /* ViewController.m */ = {isa = PBXFileReference; lastKnownFileType = sourcecode.c.objc; path = ViewController.m; sourceTree = "<group>"; };
		C3FD8170186DFD9A00FD8ED3 /* Images.xcassets */ = {isa = PBXFileReference; lastKnownFileType = folder.assetcatalog; path = Images.xcassets; sourceTree = "<group>"; };
		C3FD8176186DFD9A00FD8ED3 /* SimpleLineChartTests.xctest */ = {isa = PBXFileReference; explicitFileType = wrapper.cfbundle; includeInIndex = 0; path = SimpleLineChartTests.xctest; sourceTree = BUILT_PRODUCTS_DIR; };
		C3FD8177186DFD9A00FD8ED3 /* XCTest.framework */ = {isa = PBXFileReference; lastKnownFileType = wrapper.framework; name = XCTest.framework; path = Library/Frameworks/XCTest.framework; sourceTree = DEVELOPER_DIR; };
		C3FD817F186DFD9A00FD8ED3 /* SimpleLineChartTests-Info.plist */ = {isa = PBXFileReference; lastKnownFileType = text.plist.xml; path = "SimpleLineChartTests-Info.plist"; sourceTree = "<group>"; };
		C3FD8181186DFD9A00FD8ED3 /* en */ = {isa = PBXFileReference; lastKnownFileType = text.plist.strings; name = en; path = en.lproj/InfoPlist.strings; sourceTree = "<group>"; };
		C3FD8183186DFD9A00FD8ED3 /* SimpleLineChartTests.m */ = {isa = PBXFileReference; lastKnownFileType = sourcecode.c.objc; path = SimpleLineChartTests.m; sourceTree = "<group>"; };
/* End PBXFileReference section */

/* Begin PBXFrameworksBuildPhase section */
		C3FD8152186DFD9A00FD8ED3 /* Frameworks */ = {
			isa = PBXFrameworksBuildPhase;
			buildActionMask = 2147483647;
			files = (
				C3FD815B186DFD9A00FD8ED3 /* CoreGraphics.framework in Frameworks */,
				C3FD815D186DFD9A00FD8ED3 /* UIKit.framework in Frameworks */,
				C3FD8159186DFD9A00FD8ED3 /* Foundation.framework in Frameworks */,
			);
			runOnlyForDeploymentPostprocessing = 0;
		};
		C3FD8173186DFD9A00FD8ED3 /* Frameworks */ = {
			isa = PBXFrameworksBuildPhase;
			buildActionMask = 2147483647;
			files = (
				C3FD8178186DFD9A00FD8ED3 /* XCTest.framework in Frameworks */,
				C3FD817A186DFD9A00FD8ED3 /* UIKit.framework in Frameworks */,
				C3FD8179186DFD9A00FD8ED3 /* Foundation.framework in Frameworks */,
			);
			runOnlyForDeploymentPostprocessing = 0;
		};
/* End PBXFrameworksBuildPhase section */

/* Begin PBXGroup section */
		C3B90A55187D15F7003E407D /* Classes */ = {
			isa = PBXGroup;
			children = (
				C3B90A5C187D15F7003E407D /* BEMSimpleLineGraphView.h */,
				C3B90A5D187D15F7003E407D /* BEMSimpleLineGraphView.m */,
				C3B90A58187D15F7003E407D /* BEMCircle.h */,
				C3B90A59187D15F7003E407D /* BEMCircle.m */,
				C3B90A5A187D15F7003E407D /* BEMLine.h */,
				C3B90A5B187D15F7003E407D /* BEMLine.m */,
				8AB8D62D1A7ABDF600FC4AEC /* BEMPermanentPopupView.h */,
				8AB8D62E1A7ABDF600FC4AEC /* BEMPermanentPopupView.m */,
			);
			name = Classes;
			path = ../Classes;
			sourceTree = "<group>";
		};
		C3FD814C186DFD9A00FD8ED3 = {
			isa = PBXGroup;
			children = (
				99B3FA381877898B00539A7B /* LICENSE */,
				99B3FA391877898B00539A7B /* README.md */,
				C3B90A55187D15F7003E407D /* Classes */,
				C3FD815E186DFD9A00FD8ED3 /* SimpleLineChart */,
				C3FD817D186DFD9A00FD8ED3 /* SimpleLineChartTests */,
				C3FD8157186DFD9A00FD8ED3 /* Frameworks */,
				C3FD8156186DFD9A00FD8ED3 /* Products */,
			);
			sourceTree = "<group>";
		};
		C3FD8156186DFD9A00FD8ED3 /* Products */ = {
			isa = PBXGroup;
			children = (
				C3FD8155186DFD9A00FD8ED3 /* SimpleLineChart.app */,
				C3FD8176186DFD9A00FD8ED3 /* SimpleLineChartTests.xctest */,
			);
			name = Products;
			sourceTree = "<group>";
		};
		C3FD8157186DFD9A00FD8ED3 /* Frameworks */ = {
			isa = PBXGroup;
			children = (
				C3FD8158186DFD9A00FD8ED3 /* Foundation.framework */,
				C3FD815A186DFD9A00FD8ED3 /* CoreGraphics.framework */,
				C3FD815C186DFD9A00FD8ED3 /* UIKit.framework */,
				C3FD8177186DFD9A00FD8ED3 /* XCTest.framework */,
			);
			name = Frameworks;
			sourceTree = "<group>";
		};
		C3FD815E186DFD9A00FD8ED3 /* SimpleLineChart */ = {
			isa = PBXGroup;
			children = (
				C3FD8167186DFD9A00FD8ED3 /* AppDelegate.h */,
				C3FD8168186DFD9A00FD8ED3 /* AppDelegate.m */,
				C3FD816A186DFD9A00FD8ED3 /* Main.storyboard */,
				C3FD816D186DFD9A00FD8ED3 /* ViewController.h */,
				C3FD816E186DFD9A00FD8ED3 /* ViewController.m */,
				99B15641187B412400B24591 /* StatsViewController.h */,
				99B15642187B412400B24591 /* StatsViewController.m */,
				C3FD8170186DFD9A00FD8ED3 /* Images.xcassets */,
				C3FD815F186DFD9A00FD8ED3 /* Supporting Files */,
			);
			path = SimpleLineChart;
			sourceTree = "<group>";
		};
		C3FD815F186DFD9A00FD8ED3 /* Supporting Files */ = {
			isa = PBXGroup;
			children = (
				C3FD8160186DFD9A00FD8ED3 /* SimpleLineChart-Info.plist */,
				C3FD8161186DFD9A00FD8ED3 /* InfoPlist.strings */,
				C3FD8164186DFD9A00FD8ED3 /* main.m */,
				C3FD8166186DFD9A00FD8ED3 /* SimpleLineChart-Prefix.pch */,
			);
			name = "Supporting Files";
			sourceTree = "<group>";
		};
		C3FD817D186DFD9A00FD8ED3 /* SimpleLineChartTests */ = {
			isa = PBXGroup;
			children = (
				C3FD8183186DFD9A00FD8ED3 /* SimpleLineChartTests.m */,
				C3FD817E186DFD9A00FD8ED3 /* Supporting Files */,
			);
			path = SimpleLineChartTests;
			sourceTree = "<group>";
		};
		C3FD817E186DFD9A00FD8ED3 /* Supporting Files */ = {
			isa = PBXGroup;
			children = (
				C3FD817F186DFD9A00FD8ED3 /* SimpleLineChartTests-Info.plist */,
				C3FD8180186DFD9A00FD8ED3 /* InfoPlist.strings */,
			);
			name = "Supporting Files";
			sourceTree = "<group>";
		};
/* End PBXGroup section */

/* Begin PBXNativeTarget section */
		C3FD8154186DFD9A00FD8ED3 /* SimpleLineChart */ = {
			isa = PBXNativeTarget;
			buildConfigurationList = C3FD8187186DFD9A00FD8ED3 /* Build configuration list for PBXNativeTarget "SimpleLineChart" */;
			buildPhases = (
				C3FD8151186DFD9A00FD8ED3 /* Sources */,
				C3FD8152186DFD9A00FD8ED3 /* Frameworks */,
				C3FD8153186DFD9A00FD8ED3 /* Resources */,
			);
			buildRules = (
			);
			dependencies = (
			);
			name = SimpleLineChart;
			productName = SimpleLineChart;
			productReference = C3FD8155186DFD9A00FD8ED3 /* SimpleLineChart.app */;
			productType = "com.apple.product-type.application";
		};
		C3FD8175186DFD9A00FD8ED3 /* SimpleLineChartTests */ = {
			isa = PBXNativeTarget;
			buildConfigurationList = C3FD818A186DFD9A00FD8ED3 /* Build configuration list for PBXNativeTarget "SimpleLineChartTests" */;
			buildPhases = (
				C3FD8172186DFD9A00FD8ED3 /* Sources */,
				C3FD8173186DFD9A00FD8ED3 /* Frameworks */,
				C3FD8174186DFD9A00FD8ED3 /* Resources */,
			);
			buildRules = (
			);
			dependencies = (
				C3FD817C186DFD9A00FD8ED3 /* PBXTargetDependency */,
			);
			name = SimpleLineChartTests;
			productName = SimpleLineChartTests;
			productReference = C3FD8176186DFD9A00FD8ED3 /* SimpleLineChartTests.xctest */;
			productType = "com.apple.product-type.bundle.unit-test";
		};
/* End PBXNativeTarget section */

/* Begin PBXProject section */
		C3FD814D186DFD9A00FD8ED3 /* Project object */ = {
			isa = PBXProject;
			attributes = {
				LastUpgradeCheck = 0510;
				ORGANIZATIONNAME = "Boris Emorine";
				TargetAttributes = {
					C3FD8175186DFD9A00FD8ED3 = {
						TestTargetID = C3FD8154186DFD9A00FD8ED3;
					};
				};
			};
			buildConfigurationList = C3FD8150186DFD9A00FD8ED3 /* Build configuration list for PBXProject "SimpleLineChart" */;
			compatibilityVersion = "Xcode 3.2";
			developmentRegion = English;
			hasScannedForEncodings = 0;
			knownRegions = (
				en,
				Base,
			);
			mainGroup = C3FD814C186DFD9A00FD8ED3;
			productRefGroup = C3FD8156186DFD9A00FD8ED3 /* Products */;
			projectDirPath = "";
			projectRoot = "";
			targets = (
				C3FD8154186DFD9A00FD8ED3 /* SimpleLineChart */,
				C3FD8175186DFD9A00FD8ED3 /* SimpleLineChartTests */,
			);
		};
/* End PBXProject section */

/* Begin PBXResourcesBuildPhase section */
		C3FD8153186DFD9A00FD8ED3 /* Resources */ = {
			isa = PBXResourcesBuildPhase;
			buildActionMask = 2147483647;
			files = (
				99B3FA3A1877898B00539A7B /* LICENSE in Resources */,
				C3DC80671903845D0080FF06 /* Main.storyboard in Resources */,
				C3FD8171186DFD9A00FD8ED3 /* Images.xcassets in Resources */,
				99B3FA3B1877898B00539A7B /* README.md in Resources */,
				C3FD8163186DFD9A00FD8ED3 /* InfoPlist.strings in Resources */,
			);
			runOnlyForDeploymentPostprocessing = 0;
		};
		C3FD8174186DFD9A00FD8ED3 /* Resources */ = {
			isa = PBXResourcesBuildPhase;
			buildActionMask = 2147483647;
			files = (
				C3FD8182186DFD9A00FD8ED3 /* InfoPlist.strings in Resources */,
			);
			runOnlyForDeploymentPostprocessing = 0;
		};
/* End PBXResourcesBuildPhase section */

/* Begin PBXSourcesBuildPhase section */
		C3FD8151186DFD9A00FD8ED3 /* Sources */ = {
			isa = PBXSourcesBuildPhase;
			buildActionMask = 2147483647;
			files = (
				C3B90A61187D15F7003E407D /* BEMSimpleLineGraphView.m in Sources */,
				C3B90A5F187D15F7003E407D /* BEMCircle.m in Sources */,
				C3FD816F186DFD9A00FD8ED3 /* ViewController.m in Sources */,
				C3B90A60187D15F7003E407D /* BEMLine.m in Sources */,
				8AB8D62F1A7ABDF600FC4AEC /* BEMPermanentPopupView.m in Sources */,
				C3FD8169186DFD9A00FD8ED3 /* AppDelegate.m in Sources */,
				99B15643187B412400B24591 /* StatsViewController.m in Sources */,
				C3FD8165186DFD9A00FD8ED3 /* main.m in Sources */,
			);
			runOnlyForDeploymentPostprocessing = 0;
		};
		C3FD8172186DFD9A00FD8ED3 /* Sources */ = {
			isa = PBXSourcesBuildPhase;
			buildActionMask = 2147483647;
			files = (
				C3FD8184186DFD9A00FD8ED3 /* SimpleLineChartTests.m in Sources */,
			);
			runOnlyForDeploymentPostprocessing = 0;
		};
/* End PBXSourcesBuildPhase section */

/* Begin PBXTargetDependency section */
		C3FD817C186DFD9A00FD8ED3 /* PBXTargetDependency */ = {
			isa = PBXTargetDependency;
			target = C3FD8154186DFD9A00FD8ED3 /* SimpleLineChart */;
			targetProxy = C3FD817B186DFD9A00FD8ED3 /* PBXContainerItemProxy */;
		};
/* End PBXTargetDependency section */

/* Begin PBXVariantGroup section */
		C3FD8161186DFD9A00FD8ED3 /* InfoPlist.strings */ = {
			isa = PBXVariantGroup;
			children = (
				C3FD8162186DFD9A00FD8ED3 /* en */,
			);
			name = InfoPlist.strings;
			sourceTree = "<group>";
		};
		C3FD816A186DFD9A00FD8ED3 /* Main.storyboard */ = {
			isa = PBXVariantGroup;
			children = (
				C3FD816B186DFD9A00FD8ED3 /* Base */,
			);
			name = Main.storyboard;
			sourceTree = "<group>";
		};
		C3FD8180186DFD9A00FD8ED3 /* InfoPlist.strings */ = {
			isa = PBXVariantGroup;
			children = (
				C3FD8181186DFD9A00FD8ED3 /* en */,
			);
			name = InfoPlist.strings;
			sourceTree = "<group>";
		};
/* End PBXVariantGroup section */

/* Begin XCBuildConfiguration section */
		C3FD8185186DFD9A00FD8ED3 /* Debug */ = {
			isa = XCBuildConfiguration;
			buildSettings = {
				ALWAYS_SEARCH_USER_PATHS = NO;
				CLANG_CXX_LANGUAGE_STANDARD = "gnu++0x";
				CLANG_CXX_LIBRARY = "libc++";
				CLANG_ENABLE_MODULES = YES;
				CLANG_ENABLE_OBJC_ARC = YES;
				CLANG_WARN_BOOL_CONVERSION = YES;
				CLANG_WARN_CONSTANT_CONVERSION = YES;
				CLANG_WARN_DIRECT_OBJC_ISA_USAGE = YES_ERROR;
				CLANG_WARN_EMPTY_BODY = YES;
				CLANG_WARN_ENUM_CONVERSION = YES;
				CLANG_WARN_INT_CONVERSION = YES;
				CLANG_WARN_OBJC_ROOT_CLASS = YES_ERROR;
				CLANG_WARN__DUPLICATE_METHOD_MATCH = YES;
				"CODE_SIGN_IDENTITY[sdk=iphoneos*]" = "iPhone Developer";
				COPY_PHASE_STRIP = NO;
				GCC_C_LANGUAGE_STANDARD = gnu99;
				GCC_DYNAMIC_NO_PIC = NO;
				GCC_OPTIMIZATION_LEVEL = 0;
				GCC_PREPROCESSOR_DEFINITIONS = (
					"DEBUG=1",
					"$(inherited)",
				);
				GCC_SYMBOLS_PRIVATE_EXTERN = NO;
				GCC_WARN_64_TO_32_BIT_CONVERSION = YES;
				GCC_WARN_ABOUT_RETURN_TYPE = YES_ERROR;
				GCC_WARN_UNDECLARED_SELECTOR = YES;
				GCC_WARN_UNINITIALIZED_AUTOS = YES;
				GCC_WARN_UNUSED_FUNCTION = YES;
				GCC_WARN_UNUSED_VARIABLE = YES;
				IPHONEOS_DEPLOYMENT_TARGET = 7.0;
				ONLY_ACTIVE_ARCH = YES;
				SDKROOT = iphoneos;
			};
			name = Debug;
		};
		C3FD8186186DFD9A00FD8ED3 /* Release */ = {
			isa = XCBuildConfiguration;
			buildSettings = {
				ALWAYS_SEARCH_USER_PATHS = NO;
				CLANG_CXX_LANGUAGE_STANDARD = "gnu++0x";
				CLANG_CXX_LIBRARY = "libc++";
				CLANG_ENABLE_MODULES = YES;
				CLANG_ENABLE_OBJC_ARC = YES;
				CLANG_WARN_BOOL_CONVERSION = YES;
				CLANG_WARN_CONSTANT_CONVERSION = YES;
				CLANG_WARN_DIRECT_OBJC_ISA_USAGE = YES_ERROR;
				CLANG_WARN_EMPTY_BODY = YES;
				CLANG_WARN_ENUM_CONVERSION = YES;
				CLANG_WARN_INT_CONVERSION = YES;
				CLANG_WARN_OBJC_ROOT_CLASS = YES_ERROR;
				CLANG_WARN__DUPLICATE_METHOD_MATCH = YES;
				"CODE_SIGN_IDENTITY[sdk=iphoneos*]" = "iPhone Developer";
				COPY_PHASE_STRIP = YES;
				ENABLE_NS_ASSERTIONS = NO;
				GCC_C_LANGUAGE_STANDARD = gnu99;
				GCC_WARN_64_TO_32_BIT_CONVERSION = YES;
				GCC_WARN_ABOUT_RETURN_TYPE = YES_ERROR;
				GCC_WARN_UNDECLARED_SELECTOR = YES;
				GCC_WARN_UNINITIALIZED_AUTOS = YES;
				GCC_WARN_UNUSED_FUNCTION = YES;
				GCC_WARN_UNUSED_VARIABLE = YES;
				IPHONEOS_DEPLOYMENT_TARGET = 7.0;
				SDKROOT = iphoneos;
				VALIDATE_PRODUCT = YES;
			};
			name = Release;
		};
		C3FD8188186DFD9A00FD8ED3 /* Debug */ = {
			isa = XCBuildConfiguration;
			buildSettings = {
				ASSETCATALOG_COMPILER_APPICON_NAME = AppIcon;
				ASSETCATALOG_COMPILER_LAUNCHIMAGE_NAME = LaunchImage;
				GCC_PRECOMPILE_PREFIX_HEADER = YES;
				GCC_PREFIX_HEADER = "SimpleLineChart/SimpleLineChart-Prefix.pch";
				INFOPLIST_FILE = "SimpleLineChart/SimpleLineChart-Info.plist";
				PRODUCT_NAME = "$(TARGET_NAME)";
				WRAPPER_EXTENSION = app;
			};
			name = Debug;
		};
		C3FD8189186DFD9A00FD8ED3 /* Release */ = {
			isa = XCBuildConfiguration;
			buildSettings = {
				ASSETCATALOG_COMPILER_APPICON_NAME = AppIcon;
				ASSETCATALOG_COMPILER_LAUNCHIMAGE_NAME = LaunchImage;
				GCC_PRECOMPILE_PREFIX_HEADER = YES;
				GCC_PREFIX_HEADER = "SimpleLineChart/SimpleLineChart-Prefix.pch";
				INFOPLIST_FILE = "SimpleLineChart/SimpleLineChart-Info.plist";
				PRODUCT_NAME = "$(TARGET_NAME)";
				WRAPPER_EXTENSION = app;
			};
			name = Release;
		};
		C3FD818B186DFD9A00FD8ED3 /* Debug */ = {
			isa = XCBuildConfiguration;
			buildSettings = {
				BUNDLE_LOADER = "$(BUILT_PRODUCTS_DIR)/SimpleLineChart.app/SimpleLineChart";
				FRAMEWORK_SEARCH_PATHS = (
					"$(SDKROOT)/Developer/Library/Frameworks",
					"$(inherited)",
					"$(DEVELOPER_FRAMEWORKS_DIR)",
				);
				GCC_PRECOMPILE_PREFIX_HEADER = YES;
				GCC_PREFIX_HEADER = "SimpleLineChart/SimpleLineChart-Prefix.pch";
				GCC_PREPROCESSOR_DEFINITIONS = (
					"DEBUG=1",
					"$(inherited)",
				);
				INFOPLIST_FILE = "SimpleLineChartTests/SimpleLineChartTests-Info.plist";
				PRODUCT_NAME = "$(TARGET_NAME)";
				TEST_HOST = "$(BUNDLE_LOADER)";
				WRAPPER_EXTENSION = xctest;
			};
			name = Debug;
		};
		C3FD818C186DFD9A00FD8ED3 /* Release */ = {
			isa = XCBuildConfiguration;
			buildSettings = {
				BUNDLE_LOADER = "$(BUILT_PRODUCTS_DIR)/SimpleLineChart.app/SimpleLineChart";
				FRAMEWORK_SEARCH_PATHS = (
					"$(SDKROOT)/Developer/Library/Frameworks",
					"$(inherited)",
					"$(DEVELOPER_FRAMEWORKS_DIR)",
				);
				GCC_PRECOMPILE_PREFIX_HEADER = YES;
				GCC_PREFIX_HEADER = "SimpleLineChart/SimpleLineChart-Prefix.pch";
				INFOPLIST_FILE = "SimpleLineChartTests/SimpleLineChartTests-Info.plist";
				PRODUCT_NAME = "$(TARGET_NAME)";
				TEST_HOST = "$(BUNDLE_LOADER)";
				WRAPPER_EXTENSION = xctest;
			};
			name = Release;
		};
/* End XCBuildConfiguration section */

/* Begin XCConfigurationList section */
		C3FD8150186DFD9A00FD8ED3 /* Build configuration list for PBXProject "SimpleLineChart" */ = {
			isa = XCConfigurationList;
			buildConfigurations = (
				C3FD8185186DFD9A00FD8ED3 /* Debug */,
				C3FD8186186DFD9A00FD8ED3 /* Release */,
			);
			defaultConfigurationIsVisible = 0;
			defaultConfigurationName = Release;
		};
		C3FD8187186DFD9A00FD8ED3 /* Build configuration list for PBXNativeTarget "SimpleLineChart" */ = {
			isa = XCConfigurationList;
			buildConfigurations = (
				C3FD8188186DFD9A00FD8ED3 /* Debug */,
				C3FD8189186DFD9A00FD8ED3 /* Release */,
			);
			defaultConfigurationIsVisible = 0;
			defaultConfigurationName = Release;
		};
		C3FD818A186DFD9A00FD8ED3 /* Build configuration list for PBXNativeTarget "SimpleLineChartTests" */ = {
			isa = XCConfigurationList;
			buildConfigurations = (
				C3FD818B186DFD9A00FD8ED3 /* Debug */,
				C3FD818C186DFD9A00FD8ED3 /* Release */,
			);
			defaultConfigurationIsVisible = 0;
			defaultConfigurationName = Release;
		};
/* End XCConfigurationList section */
	};
	rootObject = C3FD814D186DFD9A00FD8ED3 /* Project object */;
}
